
Microsoft Visual Studio Solution File, Format Version 12.00
# Visual Studio Version 16
VisualStudioVersion = 16.0.28803.156
MinimumVisualStudioVersion = 10.0.40219.1
Project("{FAE04EC0-301F-11D3-BF4B-00C04F79EFBC}") = "Binary Heap", "Binary Heap\Binary Heap.csproj", "{49857324-259D-45C1-966F-E4233372BEA6}"
EndProject
Global
	GlobalSection(SolutionConfigurationPlatforms) = preSolution
		Debug|Any CPU = Debug|Any CPU
		Release|Any CPU = Release|Any CPU
	EndGlobalSection
	GlobalSection(ProjectConfigurationPlatforms) = postSolution
		{49857324-259D-45C1-966F-E4233372BEA6}.Debug|Any CPU.ActiveCfg = Debug|Any CPU
		{49857324-259D-45C1-966F-E4233372BEA6}.Debug|Any CPU.Build.0 = Debug|Any CPU
		{49857324-259D-45C1-966F-E4233372BEA6}.Release|Any CPU.ActiveCfg = Release|Any CPU
		{49857324-259D-45C1-966F-E4233372BEA6}.Release|Any CPU.Build.0 = Release|Any CPU
	EndGlobalSection
	GlobalSection(SolutionProperties) = preSolution
		HideSolutionNode = FALSE
	EndGlobalSection
	GlobalSection(ExtensibilityGlobals) = postSolution
		SolutionGuid = {3323EC41-5754-494D-8533-82EFF55358A5}
	EndGlobalSection
EndGlobal
